// !$*UTF8*$!
{
	archiveVersion = 1;
	classes = {
	};
	objectVersion = 46;
	objects = {

/* Begin PBXBuildFile section */
		13B07FBC1A68108700A75B9A /* AppDelegate.m in Sources */ = {isa = PBXBuildFile; fileRef = 13B07FB01A68108700A75B9A /* AppDelegate.m */; };
		13B07FBD1A68108700A75B9A /* LaunchScreen.xib in Resources */ = {isa = PBXBuildFile; fileRef = 13B07FB11A68108700A75B9A /* LaunchScreen.xib */; };
		13B07FBF1A68108700A75B9A /* Images.xcassets in Resources */ = {isa = PBXBuildFile; fileRef = 13B07FB51A68108700A75B9A /* Images.xcassets */; };
		13B07FC11A68108700A75B9A /* main.m in Sources */ = {isa = PBXBuildFile; fileRef = 13B07FB71A68108700A75B9A /* main.m */; };
		3DE4DAD41476765101945408 /* libPods-purplesubs.a in Frameworks */ = {isa = PBXBuildFile; fileRef = D43FF9D506E70904424FA7E9 /* libPods-purplesubs.a */; };
		8E376A85241E5AC900ABBCF9 /* Lato_black.ttf in Resources */ = {isa = PBXBuildFile; fileRef = 8E376A6A241E5A6000ABBCF9 /* Lato_black.ttf */; };
		8E376A86241E5AC900ABBCF9 /* Lato_blackitalic.ttf in Resources */ = {isa = PBXBuildFile; fileRef = 8E376A7E241E5A6000ABBCF9 /* Lato_blackitalic.ttf */; };
		8E376A87241E5AC900ABBCF9 /* Lato_bold.ttf in Resources */ = {isa = PBXBuildFile; fileRef = 8E376A7A241E5A6000ABBCF9 /* Lato_bold.ttf */; };
		8E376A88241E5AC900ABBCF9 /* Lato_bolditalic.ttf in Resources */ = {isa = PBXBuildFile; fileRef = 8E376A81241E5A6000ABBCF9 /* Lato_bolditalic.ttf */; };
		8E376A89241E5AC900ABBCF9 /* Lato_hairline.ttf in Resources */ = {isa = PBXBuildFile; fileRef = 8E376A6D241E5A6000ABBCF9 /* Lato_hairline.ttf */; };
		8E376A8A241E5AC900ABBCF9 /* Lato_hairlineitalic.ttf in Resources */ = {isa = PBXBuildFile; fileRef = 8E376A6C241E5A6000ABBCF9 /* Lato_hairlineitalic.ttf */; };
		8E376A8B241E5AC900ABBCF9 /* Lato_italic.ttf in Resources */ = {isa = PBXBuildFile; fileRef = 8E376A69241E5A6000ABBCF9 /* Lato_italic.ttf */; };
		8E376A8C241E5AC900ABBCF9 /* Lato_light.ttf in Resources */ = {isa = PBXBuildFile; fileRef = 8E376A71241E5A6000ABBCF9 /* Lato_light.ttf */; };
		8E376A8D241E5AC900ABBCF9 /* Lato_lightitalic.ttf in Resources */ = {isa = PBXBuildFile; fileRef = 8E376A6F241E5A6000ABBCF9 /* Lato_lightitalic.ttf */; };
		8E376A8E241E5AC900ABBCF9 /* Lato_regular.ttf in Resources */ = {isa = PBXBuildFile; fileRef = 8E376A7B241E5A6000ABBCF9 /* Lato_regular.ttf */; };
		8E376A8F241E5AC900ABBCF9 /* Lato.ttf in Resources */ = {isa = PBXBuildFile; fileRef = 8E376A67241E5A5F00ABBCF9 /* Lato.ttf */; };
		8E376A90241E5AC900ABBCF9 /* Raleway_black.ttf in Resources */ = {isa = PBXBuildFile; fileRef = 8E376A6B241E5A6000ABBCF9 /* Raleway_black.ttf */; };
		8E376A91241E5AC900ABBCF9 /* Raleway_blackitalic.ttf in Resources */ = {isa = PBXBuildFile; fileRef = 8E376A73241E5A6000ABBCF9 /* Raleway_blackitalic.ttf */; };
		8E376A92241E5AC900ABBCF9 /* Raleway_bold.ttf in Resources */ = {isa = PBXBuildFile; fileRef = 8E376A70241E5A6000ABBCF9 /* Raleway_bold.ttf */; };
		8E376A93241E5AC900ABBCF9 /* Raleway_bolditalic.ttf in Resources */ = {isa = PBXBuildFile; fileRef = 8E376A7C241E5A6000ABBCF9 /* Raleway_bolditalic.ttf */; };
		8E376A94241E5AC900ABBCF9 /* Raleway_extrabold.ttf in Resources */ = {isa = PBXBuildFile; fileRef = 8E376A82241E5A6000ABBCF9 /* Raleway_extrabold.ttf */; };
		8E376A95241E5AC900ABBCF9 /* Raleway_extrabolditalic.ttf in Resources */ = {isa = PBXBuildFile; fileRef = 8E376A72241E5A6000ABBCF9 /* Raleway_extrabolditalic.ttf */; };
		8E376A96241E5AC900ABBCF9 /* Raleway_extralight.ttf in Resources */ = {isa = PBXBuildFile; fileRef = 8E376A79241E5A6000ABBCF9 /* Raleway_extralight.ttf */; };
		8E376A97241E5AC900ABBCF9 /* Raleway_extralightitalic.ttf in Resources */ = {isa = PBXBuildFile; fileRef = 8E376A83241E5A6000ABBCF9 /* Raleway_extralightitalic.ttf */; };
		8E376A98241E5AC900ABBCF9 /* Raleway_italic.ttf in Resources */ = {isa = PBXBuildFile; fileRef = 8E376A6E241E5A6000ABBCF9 /* Raleway_italic.ttf */; };
		8E376A99241E5AC900ABBCF9 /* Raleway_light.ttf in Resources */ = {isa = PBXBuildFile; fileRef = 8E376A7D241E5A6000ABBCF9 /* Raleway_light.ttf */; };
		8E376A9A241E5AC900ABBCF9 /* Raleway_lightitalic.ttf in Resources */ = {isa = PBXBuildFile; fileRef = 8E376A68241E5A5F00ABBCF9 /* Raleway_lightitalic.ttf */; };
		8E376A9B241E5AC900ABBCF9 /* Raleway_medium.ttf in Resources */ = {isa = PBXBuildFile; fileRef = 8E376A74241E5A6000ABBCF9 /* Raleway_medium.ttf */; };
		8E376A9C241E5AC900ABBCF9 /* Raleway_mediumitalic.ttf in Resources */ = {isa = PBXBuildFile; fileRef = 8E376A77241E5A6000ABBCF9 /* Raleway_mediumitalic.ttf */; };
		8E376A9D241E5AC900ABBCF9 /* Raleway_regular.ttf in Resources */ = {isa = PBXBuildFile; fileRef = 8E376A7F241E5A6000ABBCF9 /* Raleway_regular.ttf */; };
		8E376A9E241E5AC900ABBCF9 /* Raleway_semibold.ttf in Resources */ = {isa = PBXBuildFile; fileRef = 8E376A76241E5A6000ABBCF9 /* Raleway_semibold.ttf */; };
		8E376A9F241E5AC900ABBCF9 /* Raleway_semibolditalic.ttf in Resources */ = {isa = PBXBuildFile; fileRef = 8E376A84241E5A6100ABBCF9 /* Raleway_semibolditalic.ttf */; };
		8E376AA0241E5AC900ABBCF9 /* Raleway_thin.ttf in Resources */ = {isa = PBXBuildFile; fileRef = 8E376A75241E5A6000ABBCF9 /* Raleway_thin.ttf */; };
		8E376AA1241E5AC900ABBCF9 /* Raleway_thinitalic.ttf in Resources */ = {isa = PBXBuildFile; fileRef = 8E376A78241E5A6000ABBCF9 /* Raleway_thinitalic.ttf */; };
		8E376AA2241E5AC900ABBCF9 /* Raleway.ttf in Resources */ = {isa = PBXBuildFile; fileRef = 8E376A80241E5A6000ABBCF9 /* Raleway.ttf */; };
/* End PBXBuildFile section */

/* Begin PBXFileReference section */
		008F07F21AC5B25A0029DE68 /* main.jsbundle */ = {isa = PBXFileReference; fileEncoding = 4; lastKnownFileType = text; path = main.jsbundle; sourceTree = "<group>"; };
		13B07F961A680F5B00A75B9A /* purplesubs.app */ = {isa = PBXFileReference; explicitFileType = wrapper.application; includeInIndex = 0; path = purplesubs.app; sourceTree = BUILT_PRODUCTS_DIR; };
		13B07FAF1A68108700A75B9A /* AppDelegate.h */ = {isa = PBXFileReference; fileEncoding = 4; lastKnownFileType = sourcecode.c.h; name = AppDelegate.h; path = purplesubs/AppDelegate.h; sourceTree = "<group>"; };
		13B07FB01A68108700A75B9A /* AppDelegate.m */ = {isa = PBXFileReference; fileEncoding = 4; lastKnownFileType = sourcecode.c.objc; name = AppDelegate.m; path = purplesubs/AppDelegate.m; sourceTree = "<group>"; };
		13B07FB21A68108700A75B9A /* Base */ = {isa = PBXFileReference; lastKnownFileType = file.xib; name = Base; path = Base.lproj/LaunchScreen.xib; sourceTree = "<group>"; };
		13B07FB51A68108700A75B9A /* Images.xcassets */ = {isa = PBXFileReference; lastKnownFileType = folder.assetcatalog; name = Images.xcassets; path = purplesubs/Images.xcassets; sourceTree = "<group>"; };
		13B07FB61A68108700A75B9A /* Info.plist */ = {isa = PBXFileReference; fileEncoding = 4; lastKnownFileType = text.plist.xml; name = Info.plist; path = purplesubs/Info.plist; sourceTree = "<group>"; };
		13B07FB71A68108700A75B9A /* main.m */ = {isa = PBXFileReference; fileEncoding = 4; lastKnownFileType = sourcecode.c.objc; name = main.m; path = purplesubs/main.m; sourceTree = "<group>"; };
		2D16E6891FA4F8E400B85C8A /* libReact.a */ = {isa = PBXFileReference; explicitFileType = archive.ar; path = libReact.a; sourceTree = BUILT_PRODUCTS_DIR; };
		3B47C5AFCB8BDE514B7D1AC6 /* Pods-purplesubs.debug.xcconfig */ = {isa = PBXFileReference; includeInIndex = 1; lastKnownFileType = text.xcconfig; name = "Pods-purplesubs.debug.xcconfig"; path = "Target Support Files/Pods-purplesubs/Pods-purplesubs.debug.xcconfig"; sourceTree = "<group>"; };
		8AC623DBF3A3E2CB072F81F2 /* Pods-purplesubs.release.xcconfig */ = {isa = PBXFileReference; includeInIndex = 1; lastKnownFileType = text.xcconfig; name = "Pods-purplesubs.release.xcconfig"; path = "Target Support Files/Pods-purplesubs/Pods-purplesubs.release.xcconfig"; sourceTree = "<group>"; };
		8E376A67241E5A5F00ABBCF9 /* Lato.ttf */ = {isa = PBXFileReference; lastKnownFileType = file; name = Lato.ttf; path = ../../../../LatamAutos/motorcreditdealerapp/assets/fonts/Lato.ttf; sourceTree = "<group>"; };
		8E376A68241E5A5F00ABBCF9 /* Raleway_lightitalic.ttf */ = {isa = PBXFileReference; lastKnownFileType = file; name = Raleway_lightitalic.ttf; path = ../../../../LatamAutos/motorcreditdealerapp/assets/fonts/Raleway_lightitalic.ttf; sourceTree = "<group>"; };
		8E376A69241E5A6000ABBCF9 /* Lato_italic.ttf */ = {isa = PBXFileReference; lastKnownFileType = file; name = Lato_italic.ttf; path = ../../../../LatamAutos/motorcreditdealerapp/assets/fonts/Lato_italic.ttf; sourceTree = "<group>"; };
		8E376A6A241E5A6000ABBCF9 /* Lato_black.ttf */ = {isa = PBXFileReference; lastKnownFileType = file; name = Lato_black.ttf; path = ../../../../LatamAutos/motorcreditdealerapp/assets/fonts/Lato_black.ttf; sourceTree = "<group>"; };
		8E376A6B241E5A6000ABBCF9 /* Raleway_black.ttf */ = {isa = PBXFileReference; lastKnownFileType = file; name = Raleway_black.ttf; path = ../../../../LatamAutos/motorcreditdealerapp/assets/fonts/Raleway_black.ttf; sourceTree = "<group>"; };
		8E376A6C241E5A6000ABBCF9 /* Lato_hairlineitalic.ttf */ = {isa = PBXFileReference; lastKnownFileType = file; name = Lato_hairlineitalic.ttf; path = ../../../../LatamAutos/motorcreditdealerapp/assets/fonts/Lato_hairlineitalic.ttf; sourceTree = "<group>"; };
		8E376A6D241E5A6000ABBCF9 /* Lato_hairline.ttf */ = {isa = PBXFileReference; lastKnownFileType = file; name = Lato_hairline.ttf; path = ../../../../LatamAutos/motorcreditdealerapp/assets/fonts/Lato_hairline.ttf; sourceTree = "<group>"; };
		8E376A6E241E5A6000ABBCF9 /* Raleway_italic.ttf */ = {isa = PBXFileReference; lastKnownFileType = file; name = Raleway_italic.ttf; path = ../../../../LatamAutos/motorcreditdealerapp/assets/fonts/Raleway_italic.ttf; sourceTree = "<group>"; };
		8E376A6F241E5A6000ABBCF9 /* Lato_lightitalic.ttf */ = {isa = PBXFileReference; lastKnownFileType = file; name = Lato_lightitalic.ttf; path = ../../../../LatamAutos/motorcreditdealerapp/assets/fonts/Lato_lightitalic.ttf; sourceTree = "<group>"; };
		8E376A70241E5A6000ABBCF9 /* Raleway_bold.ttf */ = {isa = PBXFileReference; lastKnownFileType = file; name = Raleway_bold.ttf; path = ../../../../LatamAutos/motorcreditdealerapp/assets/fonts/Raleway_bold.ttf; sourceTree = "<group>"; };
		8E376A71241E5A6000ABBCF9 /* Lato_light.ttf */ = {isa = PBXFileReference; lastKnownFileType = file; name = Lato_light.ttf; path = ../../../../LatamAutos/motorcreditdealerapp/assets/fonts/Lato_light.ttf; sourceTree = "<group>"; };
		8E376A72241E5A6000ABBCF9 /* Raleway_extrabolditalic.ttf */ = {isa = PBXFileReference; lastKnownFileType = file; name = Raleway_extrabolditalic.ttf; path = ../../../../LatamAutos/motorcreditdealerapp/assets/fonts/Raleway_extrabolditalic.ttf; sourceTree = "<group>"; };
		8E376A73241E5A6000ABBCF9 /* Raleway_blackitalic.ttf */ = {isa = PBXFileReference; lastKnownFileType = file; name = Raleway_blackitalic.ttf; path = ../../../../LatamAutos/motorcreditdealerapp/assets/fonts/Raleway_blackitalic.ttf; sourceTree = "<group>"; };
		8E376A74241E5A6000ABBCF9 /* Raleway_medium.ttf */ = {isa = PBXFileReference; lastKnownFileType = file; name = Raleway_medium.ttf; path = ../../../../LatamAutos/motorcreditdealerapp/assets/fonts/Raleway_medium.ttf; sourceTree = "<group>"; };
		8E376A75241E5A6000ABBCF9 /* Raleway_thin.ttf */ = {isa = PBXFileReference; lastKnownFileType = file; name = Raleway_thin.ttf; path = ../../../../LatamAutos/motorcreditdealerapp/assets/fonts/Raleway_thin.ttf; sourceTree = "<group>"; };
		8E376A76241E5A6000ABBCF9 /* Raleway_semibold.ttf */ = {isa = PBXFileReference; lastKnownFileType = file; name = Raleway_semibold.ttf; path = ../../../../LatamAutos/motorcreditdealerapp/assets/fonts/Raleway_semibold.ttf; sourceTree = "<group>"; };
		8E376A77241E5A6000ABBCF9 /* Raleway_mediumitalic.ttf */ = {isa = PBXFileReference; lastKnownFileType = file; name = Raleway_mediumitalic.ttf; path = ../../../../LatamAutos/motorcreditdealerapp/assets/fonts/Raleway_mediumitalic.ttf; sourceTree = "<group>"; };
		8E376A78241E5A6000ABBCF9 /* Raleway_thinitalic.ttf */ = {isa = PBXFileReference; lastKnownFileType = file; name = Raleway_thinitalic.ttf; path = ../../../../LatamAutos/motorcreditdealerapp/assets/fonts/Raleway_thinitalic.ttf; sourceTree = "<group>"; };
		8E376A79241E5A6000ABBCF9 /* Raleway_extralight.ttf */ = {isa = PBXFileReference; lastKnownFileType = file; name = Raleway_extralight.ttf; path = ../../../../LatamAutos/motorcreditdealerapp/assets/fonts/Raleway_extralight.ttf; sourceTree = "<group>"; };
		8E376A7A241E5A6000ABBCF9 /* Lato_bold.ttf */ = {isa = PBXFileReference; lastKnownFileType = file; name = Lato_bold.ttf; path = ../../../../LatamAutos/motorcreditdealerapp/assets/fonts/Lato_bold.ttf; sourceTree = "<group>"; };
		8E376A7B241E5A6000ABBCF9 /* Lato_regular.ttf */ = {isa = PBXFileReference; lastKnownFileType = file; name = Lato_regular.ttf; path = ../../../../LatamAutos/motorcreditdealerapp/assets/fonts/Lato_regular.ttf; sourceTree = "<group>"; };
		8E376A7C241E5A6000ABBCF9 /* Raleway_bolditalic.ttf */ = {isa = PBXFileReference; lastKnownFileType = file; name = Raleway_bolditalic.ttf; path = ../../../../LatamAutos/motorcreditdealerapp/assets/fonts/Raleway_bolditalic.ttf; sourceTree = "<group>"; };
		8E376A7D241E5A6000ABBCF9 /* Raleway_light.ttf */ = {isa = PBXFileReference; lastKnownFileType = file; name = Raleway_light.ttf; path = ../../../../LatamAutos/motorcreditdealerapp/assets/fonts/Raleway_light.ttf; sourceTree = "<group>"; };
		8E376A7E241E5A6000ABBCF9 /* Lato_blackitalic.ttf */ = {isa = PBXFileReference; lastKnownFileType = file; name = Lato_blackitalic.ttf; path = ../../../../LatamAutos/motorcreditdealerapp/assets/fonts/Lato_blackitalic.ttf; sourceTree = "<group>"; };
		8E376A7F241E5A6000ABBCF9 /* Raleway_regular.ttf */ = {isa = PBXFileReference; lastKnownFileType = file; name = Raleway_regular.ttf; path = ../../../../LatamAutos/motorcreditdealerapp/assets/fonts/Raleway_regular.ttf; sourceTree = "<group>"; };
		8E376A80241E5A6000ABBCF9 /* Raleway.ttf */ = {isa = PBXFileReference; lastKnownFileType = file; name = Raleway.ttf; path = ../../../../LatamAutos/motorcreditdealerapp/assets/fonts/Raleway.ttf; sourceTree = "<group>"; };
		8E376A81241E5A6000ABBCF9 /* Lato_bolditalic.ttf */ = {isa = PBXFileReference; lastKnownFileType = file; name = Lato_bolditalic.ttf; path = ../../../../LatamAutos/motorcreditdealerapp/assets/fonts/Lato_bolditalic.ttf; sourceTree = "<group>"; };
		8E376A82241E5A6000ABBCF9 /* Raleway_extrabold.ttf */ = {isa = PBXFileReference; lastKnownFileType = file; name = Raleway_extrabold.ttf; path = ../../../../LatamAutos/motorcreditdealerapp/assets/fonts/Raleway_extrabold.ttf; sourceTree = "<group>"; };
		8E376A83241E5A6000ABBCF9 /* Raleway_extralightitalic.ttf */ = {isa = PBXFileReference; lastKnownFileType = file; name = Raleway_extralightitalic.ttf; path = ../../../../LatamAutos/motorcreditdealerapp/assets/fonts/Raleway_extralightitalic.ttf; sourceTree = "<group>"; };
		8E376A84241E5A6100ABBCF9 /* Raleway_semibolditalic.ttf */ = {isa = PBXFileReference; lastKnownFileType = file; name = Raleway_semibolditalic.ttf; path = ../../../../LatamAutos/motorcreditdealerapp/assets/fonts/Raleway_semibolditalic.ttf; sourceTree = "<group>"; };
		D43FF9D506E70904424FA7E9 /* libPods-purplesubs.a */ = {isa = PBXFileReference; explicitFileType = archive.ar; includeInIndex = 0; path = "libPods-purplesubs.a"; sourceTree = BUILT_PRODUCTS_DIR; };
		ED297162215061F000B7C4FE /* JavaScriptCore.framework */ = {isa = PBXFileReference; lastKnownFileType = wrapper.framework; name = JavaScriptCore.framework; path = System/Library/Frameworks/JavaScriptCore.framework; sourceTree = SDKROOT; };
		ED2971642150620600B7C4FE /* JavaScriptCore.framework */ = {isa = PBXFileReference; lastKnownFileType = wrapper.framework; name = JavaScriptCore.framework; path = Platforms/AppleTVOS.platform/Developer/SDKs/AppleTVOS12.0.sdk/System/Library/Frameworks/JavaScriptCore.framework; sourceTree = DEVELOPER_DIR; };
/* End PBXFileReference section */

/* Begin PBXFrameworksBuildPhase section */
		13B07F8C1A680F5B00A75B9A /* Frameworks */ = {
			isa = PBXFrameworksBuildPhase;
			buildActionMask = 2147483647;
			files = (
				3DE4DAD41476765101945408 /* libPods-purplesubs.a in Frameworks */,
			);
			runOnlyForDeploymentPostprocessing = 0;
		};
/* End PBXFrameworksBuildPhase section */

/* Begin PBXGroup section */
		13B07FAE1A68108700A75B9A /* purplesubs */ = {
			isa = PBXGroup;
			children = (
				008F07F21AC5B25A0029DE68 /* main.jsbundle */,
				13B07FAF1A68108700A75B9A /* AppDelegate.h */,
				13B07FB01A68108700A75B9A /* AppDelegate.m */,
				13B07FB51A68108700A75B9A /* Images.xcassets */,
				13B07FB61A68108700A75B9A /* Info.plist */,
				13B07FB11A68108700A75B9A /* LaunchScreen.xib */,
				13B07FB71A68108700A75B9A /* main.m */,
			);
			name = purplesubs;
			sourceTree = "<group>";
		};
		2D16E6871FA4F8E400B85C8A /* Frameworks */ = {
			isa = PBXGroup;
			children = (
				ED297162215061F000B7C4FE /* JavaScriptCore.framework */,
				ED2971642150620600B7C4FE /* JavaScriptCore.framework */,
				2D16E6891FA4F8E400B85C8A /* libReact.a */,
				D43FF9D506E70904424FA7E9 /* libPods-purplesubs.a */,
			);
			name = Frameworks;
			sourceTree = "<group>";
		};
		72E5486571395D51695C2A02 /* Pods */ = {
			isa = PBXGroup;
			children = (
				3B47C5AFCB8BDE514B7D1AC6 /* Pods-purplesubs.debug.xcconfig */,
				8AC623DBF3A3E2CB072F81F2 /* Pods-purplesubs.release.xcconfig */,
			);
			path = Pods;
			sourceTree = "<group>";
		};
		832341AE1AAA6A7D00B99B32 /* Libraries */ = {
			isa = PBXGroup;
			children = (
			);
			name = Libraries;
			sourceTree = "<group>";
		};
		83CBB9F61A601CBA00E9B192 = {
			isa = PBXGroup;
			children = (
				8E376A66241E5A0700ABBCF9 /* fonts */,
				13B07FAE1A68108700A75B9A /* purplesubs */,
				832341AE1AAA6A7D00B99B32 /* Libraries */,
				83CBBA001A601CBA00E9B192 /* Products */,
				2D16E6871FA4F8E400B85C8A /* Frameworks */,
				72E5486571395D51695C2A02 /* Pods */,
			);
			indentWidth = 2;
			sourceTree = "<group>";
			tabWidth = 2;
			usesTabs = 0;
		};
		83CBBA001A601CBA00E9B192 /* Products */ = {
			isa = PBXGroup;
			children = (
				13B07F961A680F5B00A75B9A /* purplesubs.app */,
			);
			name = Products;
			sourceTree = "<group>";
		};
		8E376A66241E5A0700ABBCF9 /* fonts */ = {
			isa = PBXGroup;
			children = (
				8E376A6A241E5A6000ABBCF9 /* Lato_black.ttf */,
				8E376A7E241E5A6000ABBCF9 /* Lato_blackitalic.ttf */,
				8E376A7A241E5A6000ABBCF9 /* Lato_bold.ttf */,
				8E376A81241E5A6000ABBCF9 /* Lato_bolditalic.ttf */,
				8E376A6D241E5A6000ABBCF9 /* Lato_hairline.ttf */,
				8E376A6C241E5A6000ABBCF9 /* Lato_hairlineitalic.ttf */,
				8E376A69241E5A6000ABBCF9 /* Lato_italic.ttf */,
				8E376A71241E5A6000ABBCF9 /* Lato_light.ttf */,
				8E376A6F241E5A6000ABBCF9 /* Lato_lightitalic.ttf */,
				8E376A7B241E5A6000ABBCF9 /* Lato_regular.ttf */,
				8E376A67241E5A5F00ABBCF9 /* Lato.ttf */,
				8E376A6B241E5A6000ABBCF9 /* Raleway_black.ttf */,
				8E376A73241E5A6000ABBCF9 /* Raleway_blackitalic.ttf */,
				8E376A70241E5A6000ABBCF9 /* Raleway_bold.ttf */,
				8E376A7C241E5A6000ABBCF9 /* Raleway_bolditalic.ttf */,
				8E376A82241E5A6000ABBCF9 /* Raleway_extrabold.ttf */,
				8E376A72241E5A6000ABBCF9 /* Raleway_extrabolditalic.ttf */,
				8E376A79241E5A6000ABBCF9 /* Raleway_extralight.ttf */,
				8E376A83241E5A6000ABBCF9 /* Raleway_extralightitalic.ttf */,
				8E376A6E241E5A6000ABBCF9 /* Raleway_italic.ttf */,
				8E376A7D241E5A6000ABBCF9 /* Raleway_light.ttf */,
				8E376A68241E5A5F00ABBCF9 /* Raleway_lightitalic.ttf */,
				8E376A74241E5A6000ABBCF9 /* Raleway_medium.ttf */,
				8E376A77241E5A6000ABBCF9 /* Raleway_mediumitalic.ttf */,
				8E376A7F241E5A6000ABBCF9 /* Raleway_regular.ttf */,
				8E376A76241E5A6000ABBCF9 /* Raleway_semibold.ttf */,
				8E376A84241E5A6100ABBCF9 /* Raleway_semibolditalic.ttf */,
				8E376A75241E5A6000ABBCF9 /* Raleway_thin.ttf */,
				8E376A78241E5A6000ABBCF9 /* Raleway_thinitalic.ttf */,
				8E376A80241E5A6000ABBCF9 /* Raleway.ttf */,
			);
			path = fonts;
			sourceTree = "<group>";
		};
/* End PBXGroup section */

/* Begin PBXNativeTarget section */
		13B07F861A680F5B00A75B9A /* purplesubs */ = {
			isa = PBXNativeTarget;
			buildConfigurationList = 13B07F931A680F5B00A75B9A /* Build configuration list for PBXNativeTarget "purplesubs" */;
			buildPhases = (
				F8BC737F2AD7A05944D9E2A1 /* [CP] Check Pods Manifest.lock */,
				FD4C38642228810C00325AF5 /* Start Packager */,
				13B07F871A680F5B00A75B9A /* Sources */,
				13B07F8C1A680F5B00A75B9A /* Frameworks */,
				13B07F8E1A680F5B00A75B9A /* Resources */,
				00DD1BFF1BD5951E006B06BC /* Bundle React Native code and images */,
			);
			buildRules = (
			);
			dependencies = (
			);
			name = purplesubs;
			productName = "Hello World";
			productReference = 13B07F961A680F5B00A75B9A /* purplesubs.app */;
			productType = "com.apple.product-type.application";
		};
/* End PBXNativeTarget section */

/* Begin PBXProject section */
		83CBB9F71A601CBA00E9B192 /* Project object */ = {
			isa = PBXProject;
			attributes = {
				LastUpgradeCheck = 1130;
				ORGANIZATIONNAME = Facebook;
			};
			buildConfigurationList = 83CBB9FA1A601CBA00E9B192 /* Build configuration list for PBXProject "purplesubs" */;
			compatibilityVersion = "Xcode 3.2";
			developmentRegion = en;
			hasScannedForEncodings = 0;
			knownRegions = (
				en,
				Base,
			);
			mainGroup = 83CBB9F61A601CBA00E9B192;
			productRefGroup = 83CBBA001A601CBA00E9B192 /* Products */;
			projectDirPath = "";
			projectRoot = "";
			targets = (
				13B07F861A680F5B00A75B9A /* purplesubs */,
			);
		};
/* End PBXProject section */

/* Begin PBXResourcesBuildPhase section */
		13B07F8E1A680F5B00A75B9A /* Resources */ = {
			isa = PBXResourcesBuildPhase;
			buildActionMask = 2147483647;
			files = (
				8E376A85241E5AC900ABBCF9 /* Lato_black.ttf in Resources */,
				8E376A86241E5AC900ABBCF9 /* Lato_blackitalic.ttf in Resources */,
				8E376A87241E5AC900ABBCF9 /* Lato_bold.ttf in Resources */,
				8E376A88241E5AC900ABBCF9 /* Lato_bolditalic.ttf in Resources */,
				8E376A89241E5AC900ABBCF9 /* Lato_hairline.ttf in Resources */,
				8E376A8A241E5AC900ABBCF9 /* Lato_hairlineitalic.ttf in Resources */,
				8E376A8B241E5AC900ABBCF9 /* Lato_italic.ttf in Resources */,
				8E376A8C241E5AC900ABBCF9 /* Lato_light.ttf in Resources */,
				8E376A8D241E5AC900ABBCF9 /* Lato_lightitalic.ttf in Resources */,
				8E376A8E241E5AC900ABBCF9 /* Lato_regular.ttf in Resources */,
				8E376A8F241E5AC900ABBCF9 /* Lato.ttf in Resources */,
				8E376A90241E5AC900ABBCF9 /* Raleway_black.ttf in Resources */,
				8E376A91241E5AC900ABBCF9 /* Raleway_blackitalic.ttf in Resources */,
				8E376A92241E5AC900ABBCF9 /* Raleway_bold.ttf in Resources */,
				8E376A93241E5AC900ABBCF9 /* Raleway_bolditalic.ttf in Resources */,
				8E376A94241E5AC900ABBCF9 /* Raleway_extrabold.ttf in Resources */,
				8E376A95241E5AC900ABBCF9 /* Raleway_extrabolditalic.ttf in Resources */,
				8E376A96241E5AC900ABBCF9 /* Raleway_extralight.ttf in Resources */,
				8E376A97241E5AC900ABBCF9 /* Raleway_extralightitalic.ttf in Resources */,
				8E376A98241E5AC900ABBCF9 /* Raleway_italic.ttf in Resources */,
				8E376A99241E5AC900ABBCF9 /* Raleway_light.ttf in Resources */,
				8E376A9A241E5AC900ABBCF9 /* Raleway_lightitalic.ttf in Resources */,
				8E376A9B241E5AC900ABBCF9 /* Raleway_medium.ttf in Resources */,
				8E376A9C241E5AC900ABBCF9 /* Raleway_mediumitalic.ttf in Resources */,
				8E376A9D241E5AC900ABBCF9 /* Raleway_regular.ttf in Resources */,
				8E376A9E241E5AC900ABBCF9 /* Raleway_semibold.ttf in Resources */,
				8E376A9F241E5AC900ABBCF9 /* Raleway_semibolditalic.ttf in Resources */,
				8E376AA0241E5AC900ABBCF9 /* Raleway_thin.ttf in Resources */,
				8E376AA1241E5AC900ABBCF9 /* Raleway_thinitalic.ttf in Resources */,
				8E376AA2241E5AC900ABBCF9 /* Raleway.ttf in Resources */,
				13B07FBF1A68108700A75B9A /* Images.xcassets in Resources */,
				13B07FBD1A68108700A75B9A /* LaunchScreen.xib in Resources */,
			);
			runOnlyForDeploymentPostprocessing = 0;
		};
/* End PBXResourcesBuildPhase section */

/* Begin PBXShellScriptBuildPhase section */
		00DD1BFF1BD5951E006B06BC /* Bundle React Native code and images */ = {
			isa = PBXShellScriptBuildPhase;
			buildActionMask = 2147483647;
			files = (
			);
			inputPaths = (
			);
			name = "Bundle React Native code and images";
			outputPaths = (
			);
			runOnlyForDeploymentPostprocessing = 0;
			shellPath = /bin/sh;
			shellScript = "export NODE_BINARY=node\n../node_modules/react-native/scripts/react-native-xcode.sh";
		};
		F8BC737F2AD7A05944D9E2A1 /* [CP] Check Pods Manifest.lock */ = {
			isa = PBXShellScriptBuildPhase;
			buildActionMask = 2147483647;
			files = (
			);
			inputFileListPaths = (
			);
			inputPaths = (
				"${PODS_PODFILE_DIR_PATH}/Podfile.lock",
				"${PODS_ROOT}/Manifest.lock",
			);
			name = "[CP] Check Pods Manifest.lock";
			outputFileListPaths = (
			);
			outputPaths = (
				"$(DERIVED_FILE_DIR)/Pods-purplesubs-checkManifestLockResult.txt",
			);
			runOnlyForDeploymentPostprocessing = 0;
			shellPath = /bin/sh;
			shellScript = "diff \"${PODS_PODFILE_DIR_PATH}/Podfile.lock\" \"${PODS_ROOT}/Manifest.lock\" > /dev/null\nif [ $? != 0 ] ; then\n    # print error to STDERR\n    echo \"error: The sandbox is not in sync with the Podfile.lock. Run 'pod install' or update your CocoaPods installation.\" >&2\n    exit 1\nfi\n# This output is used by Xcode 'outputs' to avoid re-running this script phase.\necho \"SUCCESS\" > \"${SCRIPT_OUTPUT_FILE_0}\"\n";
			showEnvVarsInLog = 0;
		};
		FD4C38642228810C00325AF5 /* Start Packager */ = {
			isa = PBXShellScriptBuildPhase;
			buildActionMask = 2147483647;
			files = (
			);
			inputFileListPaths = (
			);
			inputPaths = (
			);
			name = "Start Packager";
			outputFileListPaths = (
			);
			outputPaths = (
			);
			runOnlyForDeploymentPostprocessing = 0;
			shellPath = /bin/sh;
			shellScript = "export RCT_METRO_PORT=\"${RCT_METRO_PORT:=8081}\"\necho \"export RCT_METRO_PORT=${RCT_METRO_PORT}\" > \"${SRCROOT}/../node_modules/react-native/scripts/.packager.env\"\nif [ -z \"${RCT_NO_LAUNCH_PACKAGER+xxx}\" ] ; then\n  if nc -w 5 -z localhost ${RCT_METRO_PORT} ; then\n    if ! curl -s \"http://localhost:${RCT_METRO_PORT}/status\" | grep -q \"packager-status:running\" ; then\n      echo \"Port ${RCT_METRO_PORT} already in use, packager is either not running or not running correctly\"\n      exit 2\n    fi\n  else\n    open \"$SRCROOT/../node_modules/react-native/scripts/launchPackager.command\" || echo \"Can't start packager automatically\"\n  fi\nfi\n";
			showEnvVarsInLog = 0;
		};
/* End PBXShellScriptBuildPhase section */

/* Begin PBXSourcesBuildPhase section */
		13B07F871A680F5B00A75B9A /* Sources */ = {
			isa = PBXSourcesBuildPhase;
			buildActionMask = 2147483647;
			files = (
				13B07FBC1A68108700A75B9A /* AppDelegate.m in Sources */,
				13B07FC11A68108700A75B9A /* main.m in Sources */,
			);
			runOnlyForDeploymentPostprocessing = 0;
		};
/* End PBXSourcesBuildPhase section */

/* Begin PBXVariantGroup section */
		13B07FB11A68108700A75B9A /* LaunchScreen.xib */ = {
			isa = PBXVariantGroup;
			children = (
				13B07FB21A68108700A75B9A /* Base */,
			);
			name = LaunchScreen.xib;
			path = purplesubs;
			sourceTree = "<group>";
		};
/* End PBXVariantGroup section */

/* Begin XCBuildConfiguration section */
		13B07F941A680F5B00A75B9A /* Debug */ = {
			isa = XCBuildConfiguration;
			baseConfigurationReference = 3B47C5AFCB8BDE514B7D1AC6 /* Pods-purplesubs.debug.xcconfig */;
			buildSettings = {
				ASSETCATALOG_COMPILER_APPICON_NAME = AppIcon;
				CURRENT_PROJECT_VERSION = 1;
				DEAD_CODE_STRIPPING = NO;
				INFOPLIST_FILE = purplesubs/Info.plist;
				LD_RUNPATH_SEARCH_PATHS = "$(inherited) @executable_path/Frameworks";
				OTHER_LDFLAGS = (
					"$(inherited)",
					"-ObjC",
					"-lc++",
				);
				PRODUCT_BUNDLE_IDENTIFIER = "org.reactjs.native.example.$(PRODUCT_NAME:rfc1034identifier)";
				PRODUCT_NAME = purplesubs;
				VERSIONING_SYSTEM = "apple-generic";
			};
			name = Debug;
		};
		13B07F951A680F5B00A75B9A /* Release */ = {
			isa = XCBuildConfiguration;
			baseConfigurationReference = 8AC623DBF3A3E2CB072F81F2 /* Pods-purplesubs.release.xcconfig */;
			buildSettings = {
				ASSETCATALOG_COMPILER_APPICON_NAME = AppIcon;
				CURRENT_PROJECT_VERSION = 1;
				INFOPLIST_FILE = purplesubs/Info.plist;
				LD_RUNPATH_SEARCH_PATHS = "$(inherited) @executable_path/Frameworks";
				OTHER_LDFLAGS = (
					"$(inherited)",
					"-ObjC",
					"-lc++",
				);
				PRODUCT_BUNDLE_IDENTIFIER = "org.reactjs.native.example.$(PRODUCT_NAME:rfc1034identifier)";
				PRODUCT_NAME = purplesubs;
				VERSIONING_SYSTEM = "apple-generic";
			};
			name = Release;
		};
		83CBBA201A601CBA00E9B192 /* Debug */ = {
			isa = XCBuildConfiguration;
			buildSettings = {
				ALWAYS_SEARCH_USER_PATHS = NO;
				CLANG_ANALYZER_LOCALIZABILITY_NONLOCALIZED = YES;
				CLANG_CXX_LANGUAGE_STANDARD = "gnu++0x";
				CLANG_CXX_LIBRARY = "libc++";
				CLANG_ENABLE_MODULES = YES;
				CLANG_ENABLE_OBJC_ARC = YES;
				CLANG_WARN_BLOCK_CAPTURE_AUTORELEASING = YES;
				CLANG_WARN_BOOL_CONVERSION = YES;
				CLANG_WARN_COMMA = YES;
				CLANG_WARN_CONSTANT_CONVERSION = YES;
				CLANG_WARN_DEPRECATED_OBJC_IMPLEMENTATIONS = YES;
				CLANG_WARN_DIRECT_OBJC_ISA_USAGE = YES_ERROR;
				CLANG_WARN_EMPTY_BODY = YES;
				CLANG_WARN_ENUM_CONVERSION = YES;
				CLANG_WARN_INFINITE_RECURSION = YES;
				CLANG_WARN_INT_CONVERSION = YES;
				CLANG_WARN_NON_LITERAL_NULL_CONVERSION = YES;
				CLANG_WARN_OBJC_IMPLICIT_RETAIN_SELF = YES;
				CLANG_WARN_OBJC_LITERAL_CONVERSION = YES;
				CLANG_WARN_OBJC_ROOT_CLASS = YES_ERROR;
				CLANG_WARN_RANGE_LOOP_ANALYSIS = YES;
				CLANG_WARN_STRICT_PROTOTYPES = YES;
				CLANG_WARN_SUSPICIOUS_MOVE = YES;
				CLANG_WARN_UNREACHABLE_CODE = YES;
				CLANG_WARN__DUPLICATE_METHOD_MATCH = YES;
				"CODE_SIGN_IDENTITY[sdk=iphoneos*]" = "iPhone Developer";
				COPY_PHASE_STRIP = NO;
				ENABLE_STRICT_OBJC_MSGSEND = YES;
				ENABLE_TESTABILITY = YES;
				GCC_C_LANGUAGE_STANDARD = gnu99;
				GCC_DYNAMIC_NO_PIC = NO;
				GCC_NO_COMMON_BLOCKS = YES;
				GCC_OPTIMIZATION_LEVEL = 0;
				GCC_PREPROCESSOR_DEFINITIONS = (
					"DEBUG=1",
					"$(inherited)",
				);
				GCC_SYMBOLS_PRIVATE_EXTERN = NO;
				GCC_WARN_64_TO_32_BIT_CONVERSION = YES;
				GCC_WARN_ABOUT_RETURN_TYPE = YES_ERROR;
				GCC_WARN_UNDECLARED_SELECTOR = YES;
				GCC_WARN_UNINITIALIZED_AUTOS = YES_AGGRESSIVE;
				GCC_WARN_UNUSED_FUNCTION = YES;
				GCC_WARN_UNUSED_VARIABLE = YES;
				IPHONEOS_DEPLOYMENT_TARGET = 9.0;
				MTL_ENABLE_DEBUG_INFO = YES;
				ONLY_ACTIVE_ARCH = YES;
				SDKROOT = iphoneos;
			};
			name = Debug;
		};
		83CBBA211A601CBA00E9B192 /* Release */ = {
			isa = XCBuildConfiguration;
			buildSettings = {
				ALWAYS_SEARCH_USER_PATHS = NO;
				CLANG_ANALYZER_LOCALIZABILITY_NONLOCALIZED = YES;
				CLANG_CXX_LANGUAGE_STANDARD = "gnu++0x";
				CLANG_CXX_LIBRARY = "libc++";
				CLANG_ENABLE_MODULES = YES;
				CLANG_ENABLE_OBJC_ARC = YES;
				CLANG_WARN_BLOCK_CAPTURE_AUTORELEASING = YES;
				CLANG_WARN_BOOL_CONVERSION = YES;
				CLANG_WARN_COMMA = YES;
				CLANG_WARN_CONSTANT_CONVERSION = YES;
				CLANG_WARN_DEPRECATED_OBJC_IMPLEMENTATIONS = YES;
				CLANG_WARN_DIRECT_OBJC_ISA_USAGE = YES_ERROR;
				CLANG_WARN_EMPTY_BODY = YES;
				CLANG_WARN_ENUM_CONVERSION = YES;
				CLANG_WARN_INFINITE_RECURSION = YES;
				CLANG_WARN_INT_CONVERSION = YES;
				CLANG_WARN_NON_LITERAL_NULL_CONVERSION = YES;
				CLANG_WARN_OBJC_IMPLICIT_RETAIN_SELF = YES;
				CLANG_WARN_OBJC_LITERAL_CONVERSION = YES;
				CLANG_WARN_OBJC_ROOT_CLASS = YES_ERROR;
				CLANG_WARN_RANGE_LOOP_ANALYSIS = YES;
				CLANG_WARN_STRICT_PROTOTYPES = YES;
				CLANG_WARN_SUSPICIOUS_MOVE = YES;
				CLANG_WARN_UNREACHABLE_CODE = YES;
				CLANG_WARN__DUPLICATE_METHOD_MATCH = YES;
				"CODE_SIGN_IDENTITY[sdk=iphoneos*]" = "iPhone Developer";
				COPY_PHASE_STRIP = YES;
				ENABLE_NS_ASSERTIONS = NO;
				ENABLE_STRICT_OBJC_MSGSEND = YES;
				GCC_C_LANGUAGE_STANDARD = gnu99;
				GCC_NO_COMMON_BLOCKS = YES;
				GCC_WARN_64_TO_32_BIT_CONVERSION = YES;
				GCC_WARN_ABOUT_RETURN_TYPE = YES_ERROR;
				GCC_WARN_UNDECLARED_SELECTOR = YES;
				GCC_WARN_UNINITIALIZED_AUTOS = YES_AGGRESSIVE;
				GCC_WARN_UNUSED_FUNCTION = YES;
				GCC_WARN_UNUSED_VARIABLE = YES;
				IPHONEOS_DEPLOYMENT_TARGET = 9.0;
				MTL_ENABLE_DEBUG_INFO = NO;
				SDKROOT = iphoneos;
				VALIDATE_PRODUCT = YES;
			};
			name = Release;
		};
/* End XCBuildConfiguration section */

/* Begin XCConfigurationList section */
		13B07F931A680F5B00A75B9A /* Build configuration list for PBXNativeTarget "purplesubs" */ = {
			isa = XCConfigurationList;
			buildConfigurations = (
				13B07F941A680F5B00A75B9A /* Debug */,
				13B07F951A680F5B00A75B9A /* Release */,
			);
			defaultConfigurationIsVisible = 0;
			defaultConfigurationName = Release;
		};
		83CBB9FA1A601CBA00E9B192 /* Build configuration list for PBXProject "purplesubs" */ = {
			isa = XCConfigurationList;
			buildConfigurations = (
				83CBBA201A601CBA00E9B192 /* Debug */,
				83CBBA211A601CBA00E9B192 /* Release */,
			);
			defaultConfigurationIsVisible = 0;
			defaultConfigurationName = Release;
		};
/* End XCConfigurationList section */
	};
	rootObject = 83CBB9F71A601CBA00E9B192 /* Project object */;
}
